// !$*UTF8*$!
{
	archiveVersion = 1;
	classes = {
	};
	objectVersion = 55;
	objects = {

/* Begin PBXBuildFile section */
		2317ECC628286239005A19EC /* CoinViewModel.swift in Sources */ = {isa = PBXBuildFile; fileRef = 2317ECC528286239005A19EC /* CoinViewModel.swift */; };
		2317ECC8282863F2005A19EC /* Main.swift in Sources */ = {isa = PBXBuildFile; fileRef = 2317ECC7282863F2005A19EC /* Main.swift */; };
		23194A112829CDFA00185C73 /* CoinDetails.swift in Sources */ = {isa = PBXBuildFile; fileRef = 23194A102829CDFA00185C73 /* CoinDetails.swift */; };
		2339AD70282A9A770054AD82 /* showcase.png in Resources */ = {isa = PBXBuildFile; fileRef = 2339AD6F282A9A770054AD82 /* showcase.png */; };
		2339AD72282A9AE10054AD82 /* README.md in Resources */ = {isa = PBXBuildFile; fileRef = 2339AD71282A9AE10054AD82 /* README.md */; };
		23B16C03282860250064B25F /* CoinsAPIApp.swift in Sources */ = {isa = PBXBuildFile; fileRef = 23B16C02282860250064B25F /* CoinsAPIApp.swift */; };
		23B16C05282860250064B25F /* ContentView.swift in Sources */ = {isa = PBXBuildFile; fileRef = 23B16C04282860250064B25F /* ContentView.swift */; };
		23B16C07282860280064B25F /* Assets.xcassets in Resources */ = {isa = PBXBuildFile; fileRef = 23B16C06282860280064B25F /* Assets.xcassets */; };
		23B16C0A282860280064B25F /* Preview Assets.xcassets in Resources */ = {isa = PBXBuildFile; fileRef = 23B16C09282860280064B25F /* Preview Assets.xcassets */; };
		23B16C142828609B0064B25F /* Coin.swift in Sources */ = {isa = PBXBuildFile; fileRef = 23B16C132828609B0064B25F /* Coin.swift */; };
/* End PBXBuildFile section */

/* Begin PBXFileReference section */
		2317ECC528286239005A19EC /* CoinViewModel.swift */ = {isa = PBXFileReference; lastKnownFileType = sourcecode.swift; path = CoinViewModel.swift; sourceTree = "<group>"; };
		2317ECC7282863F2005A19EC /* Main.swift */ = {isa = PBXFileReference; lastKnownFileType = sourcecode.swift; path = Main.swift; sourceTree = "<group>"; };
		23194A102829CDFA00185C73 /* CoinDetails.swift */ = {isa = PBXFileReference; lastKnownFileType = sourcecode.swift; path = CoinDetails.swift; sourceTree = "<group>"; };
		2339AD6F282A9A770054AD82 /* showcase.png */ = {isa = PBXFileReference; lastKnownFileType = image.png; path = showcase.png; sourceTree = "<group>"; };
		2339AD71282A9AE10054AD82 /* README.md */ = {isa = PBXFileReference; lastKnownFileType = net.daringfireball.markdown; path = README.md; sourceTree = "<group>"; };
		23B16BFF282860250064B25F /* CoinsAPI.app */ = {isa = PBXFileReference; explicitFileType = wrapper.application; includeInIndex = 0; path = CoinsAPI.app; sourceTree = BUILT_PRODUCTS_DIR; };
		23B16C02282860250064B25F /* CoinsAPIApp.swift */ = {isa = PBXFileReference; lastKnownFileType = sourcecode.swift; path = CoinsAPIApp.swift; sourceTree = "<group>"; };
		23B16C04282860250064B25F /* ContentView.swift */ = {isa = PBXFileReference; lastKnownFileType = sourcecode.swift; path = ContentView.swift; sourceTree = "<group>"; };
		23B16C06282860280064B25F /* Assets.xcassets */ = {isa = PBXFileReference; lastKnownFileType = folder.assetcatalog; path = Assets.xcassets; sourceTree = "<group>"; };
		23B16C09282860280064B25F /* Preview Assets.xcassets */ = {isa = PBXFileReference; lastKnownFileType = folder.assetcatalog; path = "Preview Assets.xcassets"; sourceTree = "<group>"; };
		23B16C132828609B0064B25F /* Coin.swift */ = {isa = PBXFileReference; lastKnownFileType = sourcecode.swift; path = Coin.swift; sourceTree = "<group>"; };
/* End PBXFileReference section */

/* Begin PBXFrameworksBuildPhase section */
		23B16BFC282860250064B25F /* Frameworks */ = {
			isa = PBXFrameworksBuildPhase;
			buildActionMask = 2147483647;
			files = (
			);
			runOnlyForDeploymentPostprocessing = 0;
		};
/* End PBXFrameworksBuildPhase section */

/* Begin PBXGroup section */
		2339AD6E282A9A310054AD82 /* images */ = {
			isa = PBXGroup;
			children = (
				2339AD6F282A9A770054AD82 /* showcase.png */,
			);
			path = images;
			sourceTree = "<group>";
		};
		23B16BF6282860250064B25F = {
			isa = PBXGroup;
			children = (
				2339AD71282A9AE10054AD82 /* README.md */,
				2339AD6E282A9A310054AD82 /* images */,
				23B16C12282860910064B25F /* Model */,
				23B16C112828608E0064B25F /* ViewModel */,
				23B16C102828608B0064B25F /* View */,
				23B16C01282860250064B25F /* CoinsAPI */,
				23B16C00282860250064B25F /* Products */,
			);
			sourceTree = "<group>";
		};
		23B16C00282860250064B25F /* Products */ = {
			isa = PBXGroup;
			children = (
				23B16BFF282860250064B25F /* CoinsAPI.app */,
			);
			name = Products;
			sourceTree = "<group>";
		};
		23B16C01282860250064B25F /* CoinsAPI */ = {
			isa = PBXGroup;
			children = (
				23B16C02282860250064B25F /* CoinsAPIApp.swift */,
				23B16C04282860250064B25F /* ContentView.swift */,
				23B16C06282860280064B25F /* Assets.xcassets */,
				23B16C08282860280064B25F /* Preview Content */,
			);
			path = CoinsAPI;
			sourceTree = "<group>";
		};
		23B16C08282860280064B25F /* Preview Content */ = {
			isa = PBXGroup;
			children = (
				23B16C09282860280064B25F /* Preview Assets.xcassets */,
			);
			path = "Preview Content";
			sourceTree = "<group>";
		};
		23B16C102828608B0064B25F /* View */ = {
			isa = PBXGroup;
			children = (
				2317ECC7282863F2005A19EC /* Main.swift */,
				23194A102829CDFA00185C73 /* CoinDetails.swift */,
			);
			path = View;
			sourceTree = "<group>";
		};
		23B16C112828608E0064B25F /* ViewModel */ = {
			isa = PBXGroup;
			children = (
				2317ECC528286239005A19EC /* CoinViewModel.swift */,
			);
			path = ViewModel;
			sourceTree = "<group>";
		};
		23B16C12282860910064B25F /* Model */ = {
			isa = PBXGroup;
			children = (
				23B16C132828609B0064B25F /* Coin.swift */,
			);
			path = Model;
			sourceTree = "<group>";
		};
/* End PBXGroup section */

/* Begin PBXNativeTarget section */
		23B16BFE282860250064B25F /* CoinsAPI */ = {
			isa = PBXNativeTarget;
			buildConfigurationList = 23B16C0D282860280064B25F /* Build configuration list for PBXNativeTarget "CoinsAPI" */;
			buildPhases = (
				23B16BFB282860250064B25F /* Sources */,
				23B16BFC282860250064B25F /* Frameworks */,
				23B16BFD282860250064B25F /* Resources */,
			);
			buildRules = (
			);
			dependencies = (
			);
			name = CoinsAPI;
			productName = CoinsAPI;
			productReference = 23B16BFF282860250064B25F /* CoinsAPI.app */;
			productType = "com.apple.product-type.application";
		};
/* End PBXNativeTarget section */

/* Begin PBXProject section */
		23B16BF7282860250064B25F /* Project object */ = {
			isa = PBXProject;
			attributes = {
				BuildIndependentTargetsInParallel = 1;
				LastSwiftUpdateCheck = 1330;
				LastUpgradeCheck = 1330;
				TargetAttributes = {
					23B16BFE282860250064B25F = {
						CreatedOnToolsVersion = 13.3.1;
					};
				};
			};
			buildConfigurationList = 23B16BFA282860250064B25F /* Build configuration list for PBXProject "CoinsAPI" */;
			compatibilityVersion = "Xcode 13.0";
			developmentRegion = en;
			hasScannedForEncodings = 0;
			knownRegions = (
				en,
				Base,
			);
			mainGroup = 23B16BF6282860250064B25F;
			productRefGroup = 23B16C00282860250064B25F /* Products */;
			projectDirPath = "";
			projectRoot = "";
			targets = (
				23B16BFE282860250064B25F /* CoinsAPI */,
			);
		};
/* End PBXProject section */

/* Begin PBXResourcesBuildPhase section */
		23B16BFD282860250064B25F /* Resources */ = {
			isa = PBXResourcesBuildPhase;
			buildActionMask = 2147483647;
			files = (
				23B16C0A282860280064B25F /* Preview Assets.xcassets in Resources */,
				2339AD70282A9A770054AD82 /* showcase.png in Resources */,
				2339AD72282A9AE10054AD82 /* README.md in Resources */,
				23B16C07282860280064B25F /* Assets.xcassets in Resources */,
			);
			runOnlyForDeploymentPostprocessing = 0;
		};
/* End PBXResourcesBuildPhase section */

/* Begin PBXSourcesBuildPhase section */
		23B16BFB282860250064B25F /* Sources */ = {
			isa = PBXSourcesBuildPhase;
			buildActionMask = 2147483647;
			files = (
				2317ECC8282863F2005A19EC /* Main.swift in Sources */,
				23B16C142828609B0064B25F /* Coin.swift in Sources */,
				23B16C05282860250064B25F /* ContentView.swift in Sources */,
				23194A112829CDFA00185C73 /* CoinDetails.swift in Sources */,
				23B16C03282860250064B25F /* CoinsAPIApp.swift in Sources */,
				2317ECC628286239005A19EC /* CoinViewModel.swift in Sources */,
			);
			runOnlyForDeploymentPostprocessing = 0;
		};
/* End PBXSourcesBuildPhase section */

/* Begin XCBuildConfiguration section */
		23B16C0B282860280064B25F /* Debug */ = {
			isa = XCBuildConfiguration;
			buildSettings = {
				ALWAYS_SEARCH_USER_PATHS = NO;
				CLANG_ANALYZER_NONNULL = YES;
				CLANG_ANALYZER_NUMBER_OBJECT_CONVERSION = YES_AGGRESSIVE;
				CLANG_CXX_LANGUAGE_STANDARD = "gnu++17";
				CLANG_ENABLE_MODULES = YES;
				CLANG_ENABLE_OBJC_ARC = YES;
				CLANG_ENABLE_OBJC_WEAK = YES;
				CLANG_WARN_BLOCK_CAPTURE_AUTORELEASING = YES;
				CLANG_WARN_BOOL_CONVERSION = YES;
				CLANG_WARN_COMMA = YES;
				CLANG_WARN_CONSTANT_CONVERSION = YES;
				CLANG_WARN_DEPRECATED_OBJC_IMPLEMENTATIONS = YES;
				CLANG_WARN_DIRECT_OBJC_ISA_USAGE = YES_ERROR;
				CLANG_WARN_DOCUMENTATION_COMMENTS = YES;
				CLANG_WARN_EMPTY_BODY = YES;
				CLANG_WARN_ENUM_CONVERSION = YES;
				CLANG_WARN_INFINITE_RECURSION = YES;
				CLANG_WARN_INT_CONVERSION = YES;
				CLANG_WARN_NON_LITERAL_NULL_CONVERSION = YES;
				CLANG_WARN_OBJC_IMPLICIT_RETAIN_SELF = YES;
				CLANG_WARN_OBJC_LITERAL_CONVERSION = YES;
				CLANG_WARN_OBJC_ROOT_CLASS = YES_ERROR;
				CLANG_WARN_QUOTED_INCLUDE_IN_FRAMEWORK_HEADER = YES;
				CLANG_WARN_RANGE_LOOP_ANALYSIS = YES;
				CLANG_WARN_STRICT_PROTOTYPES = YES;
				CLANG_WARN_SUSPICIOUS_MOVE = YES;
				CLANG_WARN_UNGUARDED_AVAILABILITY = YES_AGGRESSIVE;
				CLANG_WARN_UNREACHABLE_CODE = YES;
				CLANG_WARN__DUPLICATE_METHOD_MATCH = YES;
				COPY_PHASE_STRIP = NO;
				DEBUG_INFORMATION_FORMAT = dwarf;
				ENABLE_STRICT_OBJC_MSGSEND = YES;
				ENABLE_TESTABILITY = YES;
				GCC_C_LANGUAGE_STANDARD = gnu11;
				GCC_DYNAMIC_NO_PIC = NO;
				GCC_NO_COMMON_BLOCKS = YES;
				GCC_OPTIMIZATION_LEVEL = 0;
				GCC_PREPROCESSOR_DEFINITIONS = (
					"DEBUG=1",
					"$(inherited)",
				);
				GCC_WARN_64_TO_32_BIT_CONVERSION = YES;
				GCC_WARN_ABOUT_RETURN_TYPE = YES_ERROR;
				GCC_WARN_UNDECLARED_SELECTOR = YES;
				GCC_WARN_UNINITIALIZED_AUTOS = YES_AGGRESSIVE;
				GCC_WARN_UNUSED_FUNCTION = YES;
				GCC_WARN_UNUSED_VARIABLE = YES;
				IPHONEOS_DEPLOYMENT_TARGET = 15.4;
				MTL_ENABLE_DEBUG_INFO = INCLUDE_SOURCE;
				MTL_FAST_MATH = YES;
				ONLY_ACTIVE_ARCH = YES;
				SDKROOT = iphoneos;
				SWIFT_ACTIVE_COMPILATION_CONDITIONS = DEBUG;
				SWIFT_OPTIMIZATION_LEVEL = "-Onone";
			};
			name = Debug;
		};
		23B16C0C282860280064B25F /* Release */ = {
			isa = XCBuildConfiguration;
			buildSettings = {
				ALWAYS_SEARCH_USER_PATHS = NO;
				CLANG_ANALYZER_NONNULL = YES;
				CLANG_ANALYZER_NUMBER_OBJECT_CONVERSION = YES_AGGRESSIVE;
				CLANG_CXX_LANGUAGE_STANDARD = "gnu++17";
				CLANG_ENABLE_MODULES = YES;
				CLANG_ENABLE_OBJC_ARC = YES;
				CLANG_ENABLE_OBJC_WEAK = YES;
				CLANG_WARN_BLOCK_CAPTURE_AUTORELEASING = YES;
				CLANG_WARN_BOOL_CONVERSION = YES;
				CLANG_WARN_COMMA = YES;
				CLANG_WARN_CONSTANT_CONVERSION = YES;
				CLANG_WARN_DEPRECATED_OBJC_IMPLEMENTATIONS = YES;
				CLANG_WARN_DIRECT_OBJC_ISA_USAGE = YES_ERROR;
				CLANG_WARN_DOCUMENTATION_COMMENTS = YES;
				CLANG_WARN_EMPTY_BODY = YES;
				CLANG_WARN_ENUM_CONVERSION = YES;
				CLANG_WARN_INFINITE_RECURSION = YES;
				CLANG_WARN_INT_CONVERSION = YES;
				CLANG_WARN_NON_LITERAL_NULL_CONVERSION = YES;
				CLANG_WARN_OBJC_IMPLICIT_RETAIN_SELF = YES;
				CLANG_WARN_OBJC_LITERAL_CONVERSION = YES;
				CLANG_WARN_OBJC_ROOT_CLASS = YES_ERROR;
				CLANG_WARN_QUOTED_INCLUDE_IN_FRAMEWORK_HEADER = YES;
				CLANG_WARN_RANGE_LOOP_ANALYSIS = YES;
				CLANG_WARN_STRICT_PROTOTYPES = YES;
				CLANG_WARN_SUSPICIOUS_MOVE = YES;
				CLANG_WARN_UNGUARDED_AVAILABILITY = YES_AGGRESSIVE;
				CLANG_WARN_UNREACHABLE_CODE = YES;
				CLANG_WARN__DUPLICATE_METHOD_MATCH = YES;
				COPY_PHASE_STRIP = NO;
				DEBUG_INFORMATION_FORMAT = "dwarf-with-dsym";
				ENABLE_NS_ASSERTIONS = NO;
				ENABLE_STRICT_OBJC_MSGSEND = YES;
				GCC_C_LANGUAGE_STANDARD = gnu11;
				GCC_NO_COMMON_BLOCKS = YES;
				GCC_WARN_64_TO_32_BIT_CONVERSION = YES;
				GCC_WARN_ABOUT_RETURN_TYPE = YES_ERROR;
				GCC_WARN_UNDECLARED_SELECTOR = YES;
				GCC_WARN_UNINITIALIZED_AUTOS = YES_AGGRESSIVE;
				GCC_WARN_UNUSED_FUNCTION = YES;
				GCC_WARN_UNUSED_VARIABLE = YES;
				IPHONEOS_DEPLOYMENT_TARGET = 15.4;
				MTL_ENABLE_DEBUG_INFO = NO;
				MTL_FAST_MATH = YES;
				SDKROOT = iphoneos;
				SWIFT_COMPILATION_MODE = wholemodule;
				SWIFT_OPTIMIZATION_LEVEL = "-O";
				VALIDATE_PRODUCT = YES;
			};
			name = Release;
		};
		23B16C0E282860280064B25F /* Debug */ = {
			isa = XCBuildConfiguration;
			buildSettings = {
				ASSETCATALOG_COMPILER_APPICON_NAME = AppIcon;
				ASSETCATALOG_COMPILER_GLOBAL_ACCENT_COLOR_NAME = AccentColor;
				CODE_SIGN_STYLE = Automatic;
				CURRENT_PROJECT_VERSION = 1;
				DEVELOPMENT_ASSET_PATHS = "\"CoinsAPI/Preview Content\"";
				DEVELOPMENT_TEAM = 62693BZN4B;
				ENABLE_PREVIEWS = YES;
				GENERATE_INFOPLIST_FILE = YES;
				INFOPLIST_KEY_UIApplicationSceneManifest_Generation = YES;
				INFOPLIST_KEY_UIApplicationSupportsIndirectInputEvents = YES;
				INFOPLIST_KEY_UILaunchScreen_Generation = YES;
				INFOPLIST_KEY_UISupportedInterfaceOrientations_iPad = "UIInterfaceOrientationPortrait UIInterfaceOrientationPortraitUpsideDown UIInterfaceOrientationLandscapeLeft UIInterfaceOrientationLandscapeRight";
				INFOPLIST_KEY_UISupportedInterfaceOrientations_iPhone = "UIInterfaceOrientationPortrait UIInterfaceOrientationLandscapeLeft UIInterfaceOrientationLandscapeRight";
				LD_RUNPATH_SEARCH_PATHS = (
					"$(inherited)",
					"@executable_path/Frameworks",
				);
				MARKETING_VERSION = 1.0;
				PRODUCT_BUNDLE_IDENTIFIER = berkaydisli.CoinsAPI;
				PRODUCT_NAME = "$(TARGET_NAME)";
				SWIFT_EMIT_LOC_STRINGS = YES;
				SWIFT_VERSION = 5.0;
				TARGETED_DEVICE_FAMILY = "1,2";
			};
			name = Debug;
		};
		23B16C0F282860280064B25F /* Release */ = {
			isa = XCBuildConfiguration;
			buildSettings = {
				ASSETCATALOG_COMPILER_APPICON_NAME = AppIcon;
				ASSETCATALOG_COMPILER_GLOBAL_ACCENT_COLOR_NAME = AccentColor;
				CODE_SIGN_STYLE = Automatic;
				CURRENT_PROJECT_VERSION = 1;
				DEVELOPMENT_ASSET_PATHS = "\"CoinsAPI/Preview Content\"";
				DEVELOPMENT_TEAM = 62693BZN4B;
				ENABLE_PREVIEWS = YES;
				GENERATE_INFOPLIST_FILE = YES;
				INFOPLIST_KEY_UIApplicationSceneManifest_Generation = YES;
				INFOPLIST_KEY_UIApplicationSupportsIndirectInputEvents = YES;
				INFOPLIST_KEY_UILaunchScreen_Generation = YES;
				INFOPLIST_KEY_UISupportedInterfaceOrientations_iPad = "UIInterfaceOrientationPortrait UIInterfaceOrientationPortraitUpsideDown UIInterfaceOrientationLandscapeLeft UIInterfaceOrientationLandscapeRight";
				INFOPLIST_KEY_UISupportedInterfaceOrientations_iPhone = "UIInterfaceOrientationPortrait UIInterfaceOrientationLandscapeLeft UIInterfaceOrientationLandscapeRight";
				LD_RUNPATH_SEARCH_PATHS = (
					"$(inherited)",
					"@executable_path/Frameworks",
				);
				MARKETING_VERSION = 1.0;
				PRODUCT_BUNDLE_IDENTIFIER = berkaydisli.CoinsAPI;
				PRODUCT_NAME = "$(TARGET_NAME)";
				SWIFT_EMIT_LOC_STRINGS = YES;
				SWIFT_VERSION = 5.0;
				TARGETED_DEVICE_FAMILY = "1,2";
			};
			name = Release;
		};
/* End XCBuildConfiguration section */

/* Begin XCConfigurationList section */
		23B16BFA282860250064B25F /* Build configuration list for PBXProject "CoinsAPI" */ = {
			isa = XCConfigurationList;
			buildConfigurations = (
				23B16C0B282860280064B25F /* Debug */,
				23B16C0C282860280064B25F /* Release */,
			);
			defaultConfigurationIsVisible = 0;
			defaultConfigurationName = Release;
		};
		23B16C0D282860280064B25F /* Build configuration list for PBXNativeTarget "CoinsAPI" */ = {
			isa = XCConfigurationList;
			buildConfigurations = (
				23B16C0E282860280064B25F /* Debug */,
				23B16C0F282860280064B25F /* Release */,
			);
			defaultConfigurationIsVisible = 0;
			defaultConfigurationName = Release;
		};
/* End XCConfigurationList section */
	};
	rootObject = 23B16BF7282860250064B25F /* Project object */;
}
